
Microsoft Visual Studio Solution File, Format Version 12.00
# Visual Studio Version 17
VisualStudioVersion = 17.14.36429.23 d17.14
MinimumVisualStudioVersion = 10.0.40219.1
Project("{FAE04EC0-301F-11D3-BF4B-00C04F79EFBC}") = "GAME 10003 Game Development Foundations - 2D Game Template (v1.4)1", "GAME 10003 Game Development Foundations - 2D Game Template (v1.4)1.csproj", "{7C2C7792-65AD-4644-B68B-3790805C0459}"
EndProject
Global
	GlobalSection(SolutionConfigurationPlatforms) = preSolution
		Debug|Any CPU = Debug|Any CPU
		Release|Any CPU = Release|Any CPU
	EndGlobalSection
	GlobalSection(ProjectConfigurationPlatforms) = postSolution
		{7C2C7792-65AD-4644-B68B-3790805C0459}.Debug|Any CPU.ActiveCfg = Debug|Any CPU
		{7C2C7792-65AD-4644-B68B-3790805C0459}.Debug|Any CPU.Build.0 = Debug|Any CPU
		{7C2C7792-65AD-4644-B68B-3790805C0459}.Release|Any CPU.ActiveCfg = Release|Any CPU
		{7C2C7792-65AD-4644-B68B-3790805C0459}.Release|Any CPU.Build.0 = Release|Any CPU
	EndGlobalSection
	GlobalSection(SolutionProperties) = preSolution
		HideSolutionNode = FALSE
	EndGlobalSection
	GlobalSection(ExtensibilityGlobals) = postSolution
		SolutionGuid = {16E20E02-964D-44C6-9BE9-94FD306D4D8E}
	EndGlobalSection
EndGlobal
